{
  "requires": true,
  "lockfileVersion": 1,
  "dependencies": {
    "@ionic-native/camera": {
      "version": "4.20.0",
      "resolved": "https://registry.npmjs.org/@ionic-native/camera/-/camera-4.20.0.tgz",
      "integrity": "sha512-WnfQq8RV+7ezOqpCyNx9Xgpy7Y8TZehGLSxZXnCqCbFZ72CpC70Q5AV/eTIRGiKkotx2U6nUopYF+gTj1cunFA=="
    }
  }
}
